{
  "lockfileVersion": 1,
  "configVersion": 1,
  "workspaces": {
    "": {
      "dependencies": {
        "node-hid": "^3.3.0",
      },
    },
  },
  "packages": {
    "node-addon-api": ["node-addon-api@3.2.1", "", {}, "sha512-mmcei9JghVNDYydghQmeDX8KoAm0FAiYyIcUt/N4nhyAipB17pllZQDOJD2fotxABnt4Mdz+dKTO7eftLg4d0A=="],

    "node-hid": ["node-hid@3.3.0", "", { "dependencies": { "node-addon-api": "^3.2.1", "pkg-prebuilds": "^1.0.0" }, "bin": { "hid-showdevices": "src/show-devices.js" } }, "sha512-j+dFgJLRAE0nufQKXk3IfS6T6YuHhCgMvz4TrG0sgtb6DSCdYpfJ1etcdmeCmPQjUgO+yo32ktVrRliNs/+fmg=="],

    "pkg-prebuilds": ["pkg-prebuilds@1.1.0", "", { "bin": { "pkg-prebuilds-copy": "bin/copy.mjs", "pkg-prebuilds-verify": "bin/verify.mjs" } }, "sha512-jyai+KTQ2OwbN6iRYw88XbYOMgtpoSYJpjYebx7d9ihqz3txNi3ucsBt3va0iVWe6svSlaqpijMHFF/eJCMZzg=="],
  }
}
